
Microsoft Visual Studio Solution File, Format Version 12.00
# Visual Studio Version 17
VisualStudioVersion = 17.3.32819.101
MinimumVisualStudioVersion = 10.0.40219.1
Project("{FAE04EC0-301F-11D3-BF4B-00C04F79EFBC}") = "EmployeeManagement_EmployeeAPI", "EmployeeManagement_EmployeeAPI\EmployeeManagement_EmployeeAPI.csproj", "{3166307A-E353-4DC1-A977-8ECEC6AA1F64}"
EndProject
Global
	GlobalSection(SolutionConfigurationPlatforms) = preSolution
		Debug|Any CPU = Debug|Any CPU
		Release|Any CPU = Release|Any CPU
	EndGlobalSection
	GlobalSection(ProjectConfigurationPlatforms) = postSolution
		{3166307A-E353-4DC1-A977-8ECEC6AA1F64}.Debug|Any CPU.ActiveCfg = Debug|Any CPU
		{3166307A-E353-4DC1-A977-8ECEC6AA1F64}.Debug|Any CPU.Build.0 = Debug|Any CPU
		{3166307A-E353-4DC1-A977-8ECEC6AA1F64}.Release|Any CPU.ActiveCfg = Release|Any CPU
		{3166307A-E353-4DC1-A977-8ECEC6AA1F64}.Release|Any CPU.Build.0 = Release|Any CPU
	EndGlobalSection
	GlobalSection(SolutionProperties) = preSolution
		HideSolutionNode = FALSE
	EndGlobalSection
	GlobalSection(ExtensibilityGlobals) = postSolution
		SolutionGuid = {0903EFCA-82CA-4627-9DED-29308AD73059}
	EndGlobalSection
EndGlobal
